<?xml version="1.0" encoding="utf-8"?>
<Project ToolsVersion="4.0" xmlns="http://schemas.microsoft.com/developer/msbuild/2003">
  <ItemGroup>
    <Filter Include="Source Files">
      <UniqueIdentifier>{4FC737F1-C7A5-4376-A066-2A32D752A2FF}</UniqueIdentifier>
      <Extensions>cpp;c;cc;cxx;def;odl;idl;hpj;bat;asm;asmx</Extensions>
    </Filter>
    <Filter Include="Header Files">
      <UniqueIdentifier>{93995380-89BD-4b04-88EB-625FBE52EBFB}</UniqueIdentifier>
      <Extensions>h;hpp;hxx;hm;inl;inc;xsd</Extensions>
    </Filter>
    <Filter Include="Resource Files">
      <UniqueIdentifier>{67DA6AB6-F800-4c08-8B7A-83BB121AAD01}</UniqueIdentifier>
      <Extensions>rc;ico;cur;bmp;dlg;rc2;rct;bin;rgs;gif;jpg;jpeg;jpe;resx;tiff;tif;png;wav;mfcribbon-ms</Extensions>
    </Filter>
  </ItemGroup>
  <ItemGroup>
    <ClCompile Include="src\main.cpp">
      <Filter>Source Files</Filter>
    </ClCompile>
    <ClCompile Include="src\ui\Canvas.cpp">
      <Filter>Source Files</Filter>
    </ClCompile>
    <ClCompile Include="src\ui\GLFWCanvas.cpp">
      <Filter>Source Files</Filter>
    </ClCompile>
    <ClCompile Include="src\game\Game.cpp">
      <Filter>Source Files</Filter>
    </ClCompile>
    <ClCompile Include="src\input\GLFWInput.cpp">
      <Filter>Source Files</Filter>
    </ClCompile>
    <ClCompile Include="src\input\Input.cpp">
      <Filter>Source Files</Filter>
    </ClCompile>
    <ClCompile Include="src\math\Matrix4x4.cpp">
      <Filter>Source Files</Filter>
    </ClCompile>
    <ClCompile Include="src\math\Vector3D.cpp">
      <Filter>Source Files</Filter>
    </ClCompile>
    <ClCompile Include="src\render\GLRenderer.cpp">
      <Filter>Source Files</Filter>
    </ClCompile>
    <ClCompile Include="src\render\GLRendererObject.cpp">
      <Filter>Source Files</Filter>
    </ClCompile>
    <ClCompile Include="src\render\Renderer.cpp">
      <Filter>Source Files</Filter>
    </ClCompile>
    <ClCompile Include="src\render\VertexBuffer.cpp">
      <Filter>Source Files</Filter>
    </ClCompile>
    <ClCompile Include="src\render\Viewport.cpp">
      <Filter>Source Files</Filter>
    </ClCompile>
    <ClCompile Include="src\timing\GLFWTimer.cpp">
      <Filter>Source Files</Filter>
    </ClCompile>
    <ClCompile Include="src\timing\Timer.cpp">
      <Filter>Source Files</Filter>
    </ClCompile>
    <ClCompile Include="src\render\scenegraph\BaseSceneNode.cpp">
      <Filter>Source Files</Filter>
    </ClCompile>
    <ClCompile Include="src\render\scenegraph\SceneNodeProperties.cpp">
      <Filter>Source Files</Filter>
    </ClCompile>
    <ClCompile Include="src\render\scenegraph\Scene.cpp">
      <Filter>Source Files</Filter>
    </ClCompile>
    <ClCompile Include="src\render\Effect.cpp">
      <Filter>Source Files</Filter>
    </ClCompile>
  </ItemGroup>
  <ItemGroup>
    <ClInclude Include="src\ui\Canvas.hpp">
      <Filter>Header Files</Filter>
    </ClInclude>
    <ClInclude Include="src\ui\GLFWCanvas.hpp">
      <Filter>Header Files</Filter>
    </ClInclude>
    <ClInclude Include="src\game\Game.hpp">
      <Filter>Header Files</Filter>
    </ClInclude>
    <ClInclude Include="src\input\GLFWInput.hpp">
      <Filter>Header Files</Filter>
    </ClInclude>
    <ClInclude Include="src\input\Input.hpp">
      <Filter>Header Files</Filter>
    </ClInclude>
    <ClInclude Include="src\math\Matrix4x4.hpp">
      <Filter>Header Files</Filter>
    </ClInclude>
    <ClInclude Include="src\math\Vector3D.hpp">
      <Filter>Header Files</Filter>
    </ClInclude>
    <ClInclude Include="src\render\GLRenderer.hpp">
      <Filter>Header Files</Filter>
    </ClInclude>
    <ClInclude Include="src\render\GLRendererObject.hpp">
      <Filter>Header Files</Filter>
    </ClInclude>
    <ClInclude Include="src\render\Renderer.hpp">
      <Filter>Header Files</Filter>
    </ClInclude>
    <ClInclude Include="src\render\RendererObject.hpp">
      <Filter>Header Files</Filter>
    </ClInclude>
    <ClInclude Include="src\render\vertex.hpp">
      <Filter>Header Files</Filter>
    </ClInclude>
    <ClInclude Include="src\render\VertexBuffer.hpp">
      <Filter>Header Files</Filter>
    </ClInclude>
    <ClInclude Include="src\render\Viewport.hpp">
      <Filter>Header Files</Filter>
    </ClInclude>
    <ClInclude Include="src\timing\GLFWTimer.hpp">
      <Filter>Header Files</Filter>
    </ClInclude>
    <ClInclude Include="src\timing\Timer.hpp">
      <Filter>Header Files</Filter>
    </ClInclude>
    <ClInclude Include="src\utils\optional.hpp">
      <Filter>Header Files</Filter>
    </ClInclude>
    <ClInclude Include="src\render\scenegraph\SceneNode.hpp">
      <Filter>Header Files</Filter>
    </ClInclude>
    <ClInclude Include="src\render\scenegraph\BaseSceneNode.hpp">
      <Filter>Header Files</Filter>
    </ClInclude>
    <ClInclude Include="src\render\scenegraph\SceneNodeProperties.hpp">
      <Filter>Header Files</Filter>
    </ClInclude>
    <ClInclude Include="src\render\scenegraph\Scene.hpp">
      <Filter>Header Files</Filter>
    </ClInclude>
    <ClInclude Include="src\render\Effect.hpp">
      <Filter>Header Files</Filter>
    </ClInclude>
  </ItemGroup>
</Project>